
Microsoft Visual Studio Solution File, Format Version 12.00
# Visual Studio Version 17
VisualStudioVersion = 17.2.32630.192
MinimumVisualStudioVersion = 10.0.40219.1
Project("{FAE04EC0-301F-11D3-BF4B-00C04F79EFBC}") = "KafkaWPF", "KafkaWPF\KafkaWPF.csproj", "{4D63D0C4-525F-41DB-B1D5-B1A18C7C53F0}"
EndProject
Global
	GlobalSection(SolutionConfigurationPlatforms) = preSolution
		Debug|Any CPU = Debug|Any CPU
		Release|Any CPU = Release|Any CPU
	EndGlobalSection
	GlobalSection(ProjectConfigurationPlatforms) = postSolution
		{4D63D0C4-525F-41DB-B1D5-B1A18C7C53F0}.Debug|Any CPU.ActiveCfg = Debug|Any CPU
		{4D63D0C4-525F-41DB-B1D5-B1A18C7C53F0}.Debug|Any CPU.Build.0 = Debug|Any CPU
		{4D63D0C4-525F-41DB-B1D5-B1A18C7C53F0}.Release|Any CPU.ActiveCfg = Release|Any CPU
		{4D63D0C4-525F-41DB-B1D5-B1A18C7C53F0}.Release|Any CPU.Build.0 = Release|Any CPU
	EndGlobalSection
	GlobalSection(SolutionProperties) = preSolution
		HideSolutionNode = FALSE
	EndGlobalSection
	GlobalSection(ExtensibilityGlobals) = postSolution
		SolutionGuid = {DD7036F1-6697-4DDA-A916-421359AE88FC}
	EndGlobalSection
EndGlobal
